
Microsoft Visual Studio Solution File, Format Version 12.00
# Visual Studio Version 16
VisualStudioVersion = 16.0.29905.134
MinimumVisualStudioVersion = 10.0.40219.1
Project("{9A19103F-16F7-4668-BE54-9A1E7A4F7556}") = "AlonsoAdmin.Entities", "Src\AlonsoAdmin.Entities\AlonsoAdmin.Entities.csproj", "{E5BA77EB-32B3-4F59-B574-09CF3FAF923A}"
EndProject
Project("{9A19103F-16F7-4668-BE54-9A1E7A4F7556}") = "AlonsoAdmin.Common", "Src\AlonsoAdmin.Common\AlonsoAdmin.Common.csproj", "{0F7C1435-EB8F-4517-9664-B6894E8597C0}"
EndProject
Project("{9A19103F-16F7-4668-BE54-9A1E7A4F7556}") = "AlonsoAdmin.Repository", "Src\AlonsoAdmin.Repository\AlonsoAdmin.Repository.csproj", "{76781D95-75E4-40D9-B546-C3FF40756565}"
EndProject
Project("{9A19103F-16F7-4668-BE54-9A1E7A4F7556}") = "AlonsoAdmin.Services", "Src\AlonsoAdmin.Services\AlonsoAdmin.Services.csproj", "{FEED0509-05E1-4C8B-BB1E-A94C7F92E1FC}"
EndProject
Project("{9A19103F-16F7-4668-BE54-9A1E7A4F7556}") = "AlonsoAdmin.HttpApi", "Src\AlonsoAdmin.HttpApi\AlonsoAdmin.HttpApi.csproj", "{27DC578B-0714-4B31-B000-757A68C1A4B2}"
EndProject
Project("{9A19103F-16F7-4668-BE54-9A1E7A4F7556}") = "AlonsoAdmin.MultiTenant", "Src\AlonsoAdmin.MultiTenant\AlonsoAdmin.MultiTenant.csproj", "{4349C7E4-84CC-49E0-BD8C-5B6CE3687E68}"
EndProject
Global
	GlobalSection(SolutionConfigurationPlatforms) = preSolution
		Debug|Any CPU = Debug|Any CPU
		Release|Any CPU = Release|Any CPU
	EndGlobalSection
	GlobalSection(ProjectConfigurationPlatforms) = postSolution
		{E5BA77EB-32B3-4F59-B574-09CF3FAF923A}.Debug|Any CPU.ActiveCfg = Debug|Any CPU
		{E5BA77EB-32B3-4F59-B574-09CF3FAF923A}.Debug|Any CPU.Build.0 = Debug|Any CPU
		{E5BA77EB-32B3-4F59-B574-09CF3FAF923A}.Release|Any CPU.ActiveCfg = Release|Any CPU
		{E5BA77EB-32B3-4F59-B574-09CF3FAF923A}.Release|Any CPU.Build.0 = Release|Any CPU
		{0F7C1435-EB8F-4517-9664-B6894E8597C0}.Debug|Any CPU.ActiveCfg = Debug|Any CPU
		{0F7C1435-EB8F-4517-9664-B6894E8597C0}.Debug|Any CPU.Build.0 = Debug|Any CPU
		{0F7C1435-EB8F-4517-9664-B6894E8597C0}.Release|Any CPU.ActiveCfg = Release|Any CPU
		{0F7C1435-EB8F-4517-9664-B6894E8597C0}.Release|Any CPU.Build.0 = Release|Any CPU
		{76781D95-75E4-40D9-B546-C3FF40756565}.Debug|Any CPU.ActiveCfg = Debug|Any CPU
		{76781D95-75E4-40D9-B546-C3FF40756565}.Debug|Any CPU.Build.0 = Debug|Any CPU
		{76781D95-75E4-40D9-B546-C3FF40756565}.Release|Any CPU.ActiveCfg = Release|Any CPU
		{76781D95-75E4-40D9-B546-C3FF40756565}.Release|Any CPU.Build.0 = Release|Any CPU
		{FEED0509-05E1-4C8B-BB1E-A94C7F92E1FC}.Debug|Any CPU.ActiveCfg = Debug|Any CPU
		{FEED0509-05E1-4C8B-BB1E-A94C7F92E1FC}.Debug|Any CPU.Build.0 = Debug|Any CPU
		{FEED0509-05E1-4C8B-BB1E-A94C7F92E1FC}.Release|Any CPU.ActiveCfg = Release|Any CPU
		{FEED0509-05E1-4C8B-BB1E-A94C7F92E1FC}.Release|Any CPU.Build.0 = Release|Any CPU
		{27DC578B-0714-4B31-B000-757A68C1A4B2}.Debug|Any CPU.ActiveCfg = Debug|Any CPU
		{27DC578B-0714-4B31-B000-757A68C1A4B2}.Debug|Any CPU.Build.0 = Debug|Any CPU
		{27DC578B-0714-4B31-B000-757A68C1A4B2}.Release|Any CPU.ActiveCfg = Release|Any CPU
		{27DC578B-0714-4B31-B000-757A68C1A4B2}.Release|Any CPU.Build.0 = Release|Any CPU
		{4349C7E4-84CC-49E0-BD8C-5B6CE3687E68}.Debug|Any CPU.ActiveCfg = Debug|Any CPU
		{4349C7E4-84CC-49E0-BD8C-5B6CE3687E68}.Debug|Any CPU.Build.0 = Debug|Any CPU
		{4349C7E4-84CC-49E0-BD8C-5B6CE3687E68}.Release|Any CPU.ActiveCfg = Release|Any CPU
		{4349C7E4-84CC-49E0-BD8C-5B6CE3687E68}.Release|Any CPU.Build.0 = Release|Any CPU
	EndGlobalSection
	GlobalSection(SolutionProperties) = preSolution
		HideSolutionNode = FALSE
	EndGlobalSection
	GlobalSection(ExtensibilityGlobals) = postSolution
		SolutionGuid = {423A603D-5D82-427C-A534-6E01768C99BD}
	EndGlobalSection
EndGlobal
